// !$*UTF8*$!
{
	archiveVersion = 1;
	classes = {
	};
	objectVersion = 50;
	objects = {

/* Begin PBXBuildFile section */
		567A1AFE215481AD00DE3701 /* fourMedian.swift in Sources */ = {isa = PBXBuildFile; fileRef = 567A1AFD215481AD00DE3701 /* fourMedian.swift */; };
		567A1B01215484B100DE3701 /* fiveString.swift in Sources */ = {isa = PBXBuildFile; fileRef = 567A1B00215484B100DE3701 /* fiveString.swift */; };
		568735E22153323800F175AF /* threeString.swift in Sources */ = {isa = PBXBuildFile; fileRef = 568735E12153323800F175AF /* threeString.swift */; };
		56DF548A21512D7F00F30EA9 /* main.swift in Sources */ = {isa = PBXBuildFile; fileRef = 56DF548921512D7F00F30EA9 /* main.swift */; };
		56DF549221512DD200F30EA9 /* oneSum.swift in Sources */ = {isa = PBXBuildFile; fileRef = 56DF549121512DD200F30EA9 /* oneSum.swift */; };
		56DF54962151DCB000F30EA9 /* twoAdd.swift in Sources */ = {isa = PBXBuildFile; fileRef = 56DF54952151DCB000F30EA9 /* twoAdd.swift */; };
		56DF54982151DCDE00F30EA9 /* twoListNode.swift in Sources */ = {isa = PBXBuildFile; fileRef = 56DF54972151DCDE00F30EA9 /* twoListNode.swift */; };
/* End PBXBuildFile section */

/* Begin PBXCopyFilesBuildPhase section */
		56DF548421512D7F00F30EA9 /* CopyFiles */ = {
			isa = PBXCopyFilesBuildPhase;
			buildActionMask = 2147483647;
			dstPath = /usr/share/man/man1/;
			dstSubfolderSpec = 0;
			files = (
			);
			runOnlyForDeploymentPostprocessing = 1;
		};
/* End PBXCopyFilesBuildPhase section */

/* Begin PBXFileReference section */
		567A1AFD215481AD00DE3701 /* fourMedian.swift */ = {isa = PBXFileReference; lastKnownFileType = sourcecode.swift; path = fourMedian.swift; sourceTree = "<group>"; };
		567A1B00215484B100DE3701 /* fiveString.swift */ = {isa = PBXFileReference; lastKnownFileType = sourcecode.swift; path = fiveString.swift; sourceTree = "<group>"; };
		568735E12153323800F175AF /* threeString.swift */ = {isa = PBXFileReference; lastKnownFileType = sourcecode.swift; path = threeString.swift; sourceTree = "<group>"; };
		56DF548621512D7F00F30EA9 /* Leetcode */ = {isa = PBXFileReference; explicitFileType = "compiled.mach-o.executable"; includeInIndex = 0; path = Leetcode; sourceTree = BUILT_PRODUCTS_DIR; };
		56DF548921512D7F00F30EA9 /* main.swift */ = {isa = PBXFileReference; lastKnownFileType = sourcecode.swift; path = main.swift; sourceTree = "<group>"; };
		56DF549121512DD200F30EA9 /* oneSum.swift */ = {isa = PBXFileReference; lastKnownFileType = sourcecode.swift; path = oneSum.swift; sourceTree = "<group>"; };
		56DF54952151DCB000F30EA9 /* twoAdd.swift */ = {isa = PBXFileReference; lastKnownFileType = sourcecode.swift; path = twoAdd.swift; sourceTree = "<group>"; };
		56DF54972151DCDE00F30EA9 /* twoListNode.swift */ = {isa = PBXFileReference; lastKnownFileType = sourcecode.swift; path = twoListNode.swift; sourceTree = "<group>"; };
/* End PBXFileReference section */

/* Begin PBXFrameworksBuildPhase section */
		56DF548321512D7F00F30EA9 /* Frameworks */ = {
			isa = PBXFrameworksBuildPhase;
			buildActionMask = 2147483647;
			files = (
			);
			runOnlyForDeploymentPostprocessing = 0;
		};
/* End PBXFrameworksBuildPhase section */

/* Begin PBXGroup section */
		567A1AFC2154813300DE3701 /* 4. 两个排序数组的中位数 */ = {
			isa = PBXGroup;
			children = (
				567A1AFD215481AD00DE3701 /* fourMedian.swift */,
			);
			path = "4. 两个排序数组的中位数";
			sourceTree = "<group>";
		};
		567A1AFF2154848300DE3701 /* 5. 最长回文子串 */ = {
			isa = PBXGroup;
			children = (
				567A1B00215484B100DE3701 /* fiveString.swift */,
			);
			path = "5. 最长回文子串";
			sourceTree = "<group>";
		};
		568735E02153322100F175AF /* 3. 无重复字符的最长子串 */ = {
			isa = PBXGroup;
			children = (
				568735E12153323800F175AF /* threeString.swift */,
			);
			path = "3. 无重复字符的最长子串";
			sourceTree = "<group>";
		};
		56DF547D21512D7F00F30EA9 = {
			isa = PBXGroup;
			children = (
				56DF548821512D7F00F30EA9 /* Leetcode */,
				56DF548721512D7F00F30EA9 /* Products */,
			);
			sourceTree = "<group>";
		};
		56DF548721512D7F00F30EA9 /* Products */ = {
			isa = PBXGroup;
			children = (
				56DF548621512D7F00F30EA9 /* Leetcode */,
			);
			name = Products;
			sourceTree = "<group>";
		};
		56DF548821512D7F00F30EA9 /* Leetcode */ = {
			isa = PBXGroup;
			children = (
				567A1AFF2154848300DE3701 /* 5. 最长回文子串 */,
				567A1AFC2154813300DE3701 /* 4. 两个排序数组的中位数 */,
				568735E02153322100F175AF /* 3. 无重复字符的最长子串 */,
				56DF54932151DBD000F30EA9 /* 2. 两数相加 */,
				56DF549021512D8600F30EA9 /* 1. 两数之和 */,
				56DF548921512D7F00F30EA9 /* main.swift */,
			);
			path = Leetcode;
			sourceTree = "<group>";
		};
		56DF549021512D8600F30EA9 /* 1. 两数之和 */ = {
			isa = PBXGroup;
			children = (
				56DF549121512DD200F30EA9 /* oneSum.swift */,
			);
			path = "1. 两数之和";
			sourceTree = "<group>";
		};
		56DF54932151DBD000F30EA9 /* 2. 两数相加 */ = {
			isa = PBXGroup;
			children = (
				56DF54952151DCB000F30EA9 /* twoAdd.swift */,
				56DF54972151DCDE00F30EA9 /* twoListNode.swift */,
			);
			path = "2. 两数相加";
			sourceTree = "<group>";
		};
/* End PBXGroup section */

/* Begin PBXNativeTarget section */
		56DF548521512D7F00F30EA9 /* Leetcode */ = {
			isa = PBXNativeTarget;
			buildConfigurationList = 56DF548D21512D7F00F30EA9 /* Build configuration list for PBXNativeTarget "Leetcode" */;
			buildPhases = (
				56DF548221512D7F00F30EA9 /* Sources */,
				56DF548321512D7F00F30EA9 /* Frameworks */,
				56DF548421512D7F00F30EA9 /* CopyFiles */,
			);
			buildRules = (
			);
			dependencies = (
			);
			name = Leetcode;
			productName = Leetcode;
			productReference = 56DF548621512D7F00F30EA9 /* Leetcode */;
			productType = "com.apple.product-type.tool";
		};
/* End PBXNativeTarget section */

/* Begin PBXProject section */
		56DF547E21512D7F00F30EA9 /* Project object */ = {
			isa = PBXProject;
			attributes = {
				LastSwiftUpdateCheck = 1000;
				LastUpgradeCheck = 1000;
				ORGANIZATIONNAME = "一个橙子";
				TargetAttributes = {
					56DF548521512D7F00F30EA9 = {
						CreatedOnToolsVersion = 10.0;
					};
				};
			};
			buildConfigurationList = 56DF548121512D7F00F30EA9 /* Build configuration list for PBXProject "Leetcode" */;
			compatibilityVersion = "Xcode 9.3";
			developmentRegion = en;
			hasScannedForEncodings = 0;
			knownRegions = (
				en,
			);
			mainGroup = 56DF547D21512D7F00F30EA9;
			productRefGroup = 56DF548721512D7F00F30EA9 /* Products */;
			projectDirPath = "";
			projectRoot = "";
			targets = (
				56DF548521512D7F00F30EA9 /* Leetcode */,
			);
		};
/* End PBXProject section */

/* Begin PBXSourcesBuildPhase section */
		56DF548221512D7F00F30EA9 /* Sources */ = {
			isa = PBXSourcesBuildPhase;
			buildActionMask = 2147483647;
			files = (
				56DF54982151DCDE00F30EA9 /* twoListNode.swift in Sources */,
				56DF549221512DD200F30EA9 /* oneSum.swift in Sources */,
				56DF548A21512D7F00F30EA9 /* main.swift in Sources */,
				567A1AFE215481AD00DE3701 /* fourMedian.swift in Sources */,
				567A1B01215484B100DE3701 /* fiveString.swift in Sources */,
				568735E22153323800F175AF /* threeString.swift in Sources */,
				56DF54962151DCB000F30EA9 /* twoAdd.swift in Sources */,
			);
			runOnlyForDeploymentPostprocessing = 0;
		};
/* End PBXSourcesBuildPhase section */

/* Begin XCBuildConfiguration section */
		56DF548B21512D7F00F30EA9 /* Debug */ = {
			isa = XCBuildConfiguration;
			buildSettings = {
				ALWAYS_SEARCH_USER_PATHS = NO;
				CLANG_ANALYZER_NONNULL = YES;
				CLANG_ANALYZER_NUMBER_OBJECT_CONVERSION = YES_AGGRESSIVE;
				CLANG_CXX_LANGUAGE_STANDARD = "gnu++14";
				CLANG_CXX_LIBRARY = "libc++";
				CLANG_ENABLE_MODULES = YES;
				CLANG_ENABLE_OBJC_ARC = YES;
				CLANG_ENABLE_OBJC_WEAK = YES;
				CLANG_WARN_BLOCK_CAPTURE_AUTORELEASING = YES;
				CLANG_WARN_BOOL_CONVERSION = YES;
				CLANG_WARN_COMMA = YES;
				CLANG_WARN_CONSTANT_CONVERSION = YES;
				CLANG_WARN_DEPRECATED_OBJC_IMPLEMENTATIONS = YES;
				CLANG_WARN_DIRECT_OBJC_ISA_USAGE = YES_ERROR;
				CLANG_WARN_DOCUMENTATION_COMMENTS = YES;
				CLANG_WARN_EMPTY_BODY = YES;
				CLANG_WARN_ENUM_CONVERSION = YES;
				CLANG_WARN_INFINITE_RECURSION = YES;
				CLANG_WARN_INT_CONVERSION = YES;
				CLANG_WARN_NON_LITERAL_NULL_CONVERSION = YES;
				CLANG_WARN_OBJC_IMPLICIT_RETAIN_SELF = YES;
				CLANG_WARN_OBJC_LITERAL_CONVERSION = YES;
				CLANG_WARN_OBJC_ROOT_CLASS = YES_ERROR;
				CLANG_WARN_RANGE_LOOP_ANALYSIS = YES;
				CLANG_WARN_STRICT_PROTOTYPES = YES;
				CLANG_WARN_SUSPICIOUS_MOVE = YES;
				CLANG_WARN_UNGUARDED_AVAILABILITY = YES_AGGRESSIVE;
				CLANG_WARN_UNREACHABLE_CODE = YES;
				CLANG_WARN__DUPLICATE_METHOD_MATCH = YES;
				CODE_SIGN_IDENTITY = "Mac Developer";
				COPY_PHASE_STRIP = NO;
				DEBUG_INFORMATION_FORMAT = dwarf;
				ENABLE_STRICT_OBJC_MSGSEND = YES;
				ENABLE_TESTABILITY = YES;
				GCC_C_LANGUAGE_STANDARD = gnu11;
				GCC_DYNAMIC_NO_PIC = NO;
				GCC_NO_COMMON_BLOCKS = YES;
				GCC_OPTIMIZATION_LEVEL = 0;
				GCC_PREPROCESSOR_DEFINITIONS = (
					"DEBUG=1",
					"$(inherited)",
				);
				GCC_WARN_64_TO_32_BIT_CONVERSION = YES;
				GCC_WARN_ABOUT_RETURN_TYPE = YES_ERROR;
				GCC_WARN_UNDECLARED_SELECTOR = YES;
				GCC_WARN_UNINITIALIZED_AUTOS = YES_AGGRESSIVE;
				GCC_WARN_UNUSED_FUNCTION = YES;
				GCC_WARN_UNUSED_VARIABLE = YES;
				MACOSX_DEPLOYMENT_TARGET = 10.13;
				MTL_ENABLE_DEBUG_INFO = INCLUDE_SOURCE;
				MTL_FAST_MATH = YES;
				ONLY_ACTIVE_ARCH = YES;
				SDKROOT = macosx;
				SWIFT_ACTIVE_COMPILATION_CONDITIONS = DEBUG;
				SWIFT_OPTIMIZATION_LEVEL = "-Onone";
			};
			name = Debug;
		};
		56DF548C21512D7F00F30EA9 /* Release */ = {
			isa = XCBuildConfiguration;
			buildSettings = {
				ALWAYS_SEARCH_USER_PATHS = NO;
				CLANG_ANALYZER_NONNULL = YES;
				CLANG_ANALYZER_NUMBER_OBJECT_CONVERSION = YES_AGGRESSIVE;
				CLANG_CXX_LANGUAGE_STANDARD = "gnu++14";
				CLANG_CXX_LIBRARY = "libc++";
				CLANG_ENABLE_MODULES = YES;
				CLANG_ENABLE_OBJC_ARC = YES;
				CLANG_ENABLE_OBJC_WEAK = YES;
				CLANG_WARN_BLOCK_CAPTURE_AUTORELEASING = YES;
				CLANG_WARN_BOOL_CONVERSION = YES;
				CLANG_WARN_COMMA = YES;
				CLANG_WARN_CONSTANT_CONVERSION = YES;
				CLANG_WARN_DEPRECATED_OBJC_IMPLEMENTATIONS = YES;
				CLANG_WARN_DIRECT_OBJC_ISA_USAGE = YES_ERROR;
				CLANG_WARN_DOCUMENTATION_COMMENTS = YES;
				CLANG_WARN_EMPTY_BODY = YES;
				CLANG_WARN_ENUM_CONVERSION = YES;
				CLANG_WARN_INFINITE_RECURSION = YES;
				CLANG_WARN_INT_CONVERSION = YES;
				CLANG_WARN_NON_LITERAL_NULL_CONVERSION = YES;
				CLANG_WARN_OBJC_IMPLICIT_RETAIN_SELF = YES;
				CLANG_WARN_OBJC_LITERAL_CONVERSION = YES;
				CLANG_WARN_OBJC_ROOT_CLASS = YES_ERROR;
				CLANG_WARN_RANGE_LOOP_ANALYSIS = YES;
				CLANG_WARN_STRICT_PROTOTYPES = YES;
				CLANG_WARN_SUSPICIOUS_MOVE = YES;
				CLANG_WARN_UNGUARDED_AVAILABILITY = YES_AGGRESSIVE;
				CLANG_WARN_UNREACHABLE_CODE = YES;
				CLANG_WARN__DUPLICATE_METHOD_MATCH = YES;
				CODE_SIGN_IDENTITY = "Mac Developer";
				COPY_PHASE_STRIP = NO;
				DEBUG_INFORMATION_FORMAT = "dwarf-with-dsym";
				ENABLE_NS_ASSERTIONS = NO;
				ENABLE_STRICT_OBJC_MSGSEND = YES;
				GCC_C_LANGUAGE_STANDARD = gnu11;
				GCC_NO_COMMON_BLOCKS = YES;
				GCC_WARN_64_TO_32_BIT_CONVERSION = YES;
				GCC_WARN_ABOUT_RETURN_TYPE = YES_ERROR;
				GCC_WARN_UNDECLARED_SELECTOR = YES;
				GCC_WARN_UNINITIALIZED_AUTOS = YES_AGGRESSIVE;
				GCC_WARN_UNUSED_FUNCTION = YES;
				GCC_WARN_UNUSED_VARIABLE = YES;
				MACOSX_DEPLOYMENT_TARGET = 10.13;
				MTL_ENABLE_DEBUG_INFO = NO;
				MTL_FAST_MATH = YES;
				SDKROOT = macosx;
				SWIFT_COMPILATION_MODE = wholemodule;
				SWIFT_OPTIMIZATION_LEVEL = "-O";
			};
			name = Release;
		};
		56DF548E21512D7F00F30EA9 /* Debug */ = {
			isa = XCBuildConfiguration;
			buildSettings = {
				CODE_SIGN_STYLE = Automatic;
				DEVELOPMENT_TEAM = ZDK27685C2;
				PRODUCT_NAME = "$(TARGET_NAME)";
				SWIFT_VERSION = 4.2;
			};
			name = Debug;
		};
		56DF548F21512D7F00F30EA9 /* Release */ = {
			isa = XCBuildConfiguration;
			buildSettings = {
				CODE_SIGN_STYLE = Automatic;
				DEVELOPMENT_TEAM = ZDK27685C2;
				PRODUCT_NAME = "$(TARGET_NAME)";
				SWIFT_VERSION = 4.2;
			};
			name = Release;
		};
/* End XCBuildConfiguration section */

/* Begin XCConfigurationList section */
		56DF548121512D7F00F30EA9 /* Build configuration list for PBXProject "Leetcode" */ = {
			isa = XCConfigurationList;
			buildConfigurations = (
				56DF548B21512D7F00F30EA9 /* Debug */,
				56DF548C21512D7F00F30EA9 /* Release */,
			);
			defaultConfigurationIsVisible = 0;
			defaultConfigurationName = Release;
		};
		56DF548D21512D7F00F30EA9 /* Build configuration list for PBXNativeTarget "Leetcode" */ = {
			isa = XCConfigurationList;
			buildConfigurations = (
				56DF548E21512D7F00F30EA9 /* Debug */,
				56DF548F21512D7F00F30EA9 /* Release */,
			);
			defaultConfigurationIsVisible = 0;
			defaultConfigurationName = Release;
		};
/* End XCConfigurationList section */
	};
	rootObject = 56DF547E21512D7F00F30EA9 /* Project object */;
}
